
Microsoft Visual Studio Solution File, Format Version 12.00
# Visual Studio Version 16
VisualStudioVersion = 16.0.31402.337
MinimumVisualStudioVersion = 10.0.40219.1
Project("{9A19103F-16F7-4668-BE54-9A1E7A4F7556}") = "DapiWebApp", "DapiWebApp\DapiWebApp.csproj", "{71D2CC60-E5EB-4950-B14A-A2CBBEFDC18B}"
EndProject
Project("{9A19103F-16F7-4668-BE54-9A1E7A4F7556}") = "DataLibrary", "DataLibrary\DataLibrary.csproj", "{16BFBBA4-66AF-47C1-B595-B52AC08A7E02}"
EndProject
Global
	GlobalSection(SolutionConfigurationPlatforms) = preSolution
		Debug|Any CPU = Debug|Any CPU
		Release|Any CPU = Release|Any CPU
	EndGlobalSection
	GlobalSection(ProjectConfigurationPlatforms) = postSolution
		{71D2CC60-E5EB-4950-B14A-A2CBBEFDC18B}.Debug|Any CPU.ActiveCfg = Debug|Any CPU
		{71D2CC60-E5EB-4950-B14A-A2CBBEFDC18B}.Debug|Any CPU.Build.0 = Debug|Any CPU
		{71D2CC60-E5EB-4950-B14A-A2CBBEFDC18B}.Release|Any CPU.ActiveCfg = Release|Any CPU
		{71D2CC60-E5EB-4950-B14A-A2CBBEFDC18B}.Release|Any CPU.Build.0 = Release|Any CPU
		{16BFBBA4-66AF-47C1-B595-B52AC08A7E02}.Debug|Any CPU.ActiveCfg = Debug|Any CPU
		{16BFBBA4-66AF-47C1-B595-B52AC08A7E02}.Debug|Any CPU.Build.0 = Debug|Any CPU
		{16BFBBA4-66AF-47C1-B595-B52AC08A7E02}.Release|Any CPU.ActiveCfg = Release|Any CPU
		{16BFBBA4-66AF-47C1-B595-B52AC08A7E02}.Release|Any CPU.Build.0 = Release|Any CPU
	EndGlobalSection
	GlobalSection(SolutionProperties) = preSolution
		HideSolutionNode = FALSE
	EndGlobalSection
	GlobalSection(ExtensibilityGlobals) = postSolution
		SolutionGuid = {651487CA-E1AF-4ED9-BA83-2D4C2B16FD12}
	EndGlobalSection
EndGlobal
